
Microsoft Visual Studio Solution File, Format Version 12.00
# Visual Studio Version 16
VisualStudioVersion = 16.0.29509.3
MinimumVisualStudioVersion = 10.0.40219.1
Project("{FAE04EC0-301F-11D3-BF4B-00C04F79EFBC}") = "MongoDBDemo", "MongoDBDemo\MongoDBDemo.csproj", "{FB639B48-54E7-4B4E-9939-51B68AA3ED82}"
EndProject
Global
	GlobalSection(SolutionConfigurationPlatforms) = preSolution
		Debug|Any CPU = Debug|Any CPU
		Release|Any CPU = Release|Any CPU
	EndGlobalSection
	GlobalSection(ProjectConfigurationPlatforms) = postSolution
		{FB639B48-54E7-4B4E-9939-51B68AA3ED82}.Debug|Any CPU.ActiveCfg = Debug|Any CPU
		{FB639B48-54E7-4B4E-9939-51B68AA3ED82}.Debug|Any CPU.Build.0 = Debug|Any CPU
		{FB639B48-54E7-4B4E-9939-51B68AA3ED82}.Release|Any CPU.ActiveCfg = Release|Any CPU
		{FB639B48-54E7-4B4E-9939-51B68AA3ED82}.Release|Any CPU.Build.0 = Release|Any CPU
	EndGlobalSection
	GlobalSection(SolutionProperties) = preSolution
		HideSolutionNode = FALSE
	EndGlobalSection
	GlobalSection(ExtensibilityGlobals) = postSolution
		SolutionGuid = {19F44850-9649-4164-AC7F-5E6E8A3BF1B6}
	EndGlobalSection
EndGlobal
